
Microsoft Visual Studio Solution File, Format Version 12.00
# Visual Studio 15
VisualStudioVersion = 15.0.28307.168
MinimumVisualStudioVersion = 10.0.40219.1
Project("{FAE04EC0-301F-11D3-BF4B-00C04F79EFBC}") = "01 单例模式", "单例模式\01 单例模式.csproj", "{3D621755-8641-4D0E-BBF9-049F7A5B5702}"
EndProject
Project("{FAE04EC0-301F-11D3-BF4B-00C04F79EFBC}") = "02 简单工厂模式", "简单工厂模式\02 简单工厂模式.csproj", "{9D9410D8-0D38-4FA9-BE65-AF3DD76785EA}"
EndProject
Project("{FAE04EC0-301F-11D3-BF4B-00C04F79EFBC}") = "03 工厂方法模式", "工厂模式\03 工厂方法模式.csproj", "{2057572A-26AF-4A1B-BA8F-731A5C7B5BF5}"
EndProject
Project("{FAE04EC0-301F-11D3-BF4B-00C04F79EFBC}") = "04 抽象工厂", "04 抽象工厂\04 抽象工厂.csproj", "{C6CE1CB5-745A-41D9-9F0F-5891D58F9D49}"
EndProject
Project("{FAE04EC0-301F-11D3-BF4B-00C04F79EFBC}") = "05 建造者模式", "05 建造者模式\05 建造者模式.csproj", "{B495A5A5-8BCD-4E4B-BB4A-4B3E7AB0FD51}"
EndProject
Project("{FAE04EC0-301F-11D3-BF4B-00C04F79EFBC}") = "14 模板方法模式", "14 模板方法模式\14 模板方法模式.csproj", "{35B8D8C9-F491-4715-8DBC-41A9570474AB}"
EndProject
Project("{FAE04EC0-301F-11D3-BF4B-00C04F79EFBC}") = "06 原型模式", "15 原型模式\06 原型模式.csproj", "{2B509FD0-D934-46F0-8747-1D298E9EE255}"
EndProject
Project("{FAE04EC0-301F-11D3-BF4B-00C04F79EFBC}") = "07 适配器模式", "07 原型模式\07 适配器模式.csproj", "{89F5A438-81A9-4F5F-8688-6DAB15021FE3}"
EndProject
Project("{FAE04EC0-301F-11D3-BF4B-00C04F79EFBC}") = "08 桥接模式", "08 桥接模式\08 桥接模式.csproj", "{05A14A1F-C6B1-4E2C-81B8-1D1A247E4932}"
EndProject
Project("{FAE04EC0-301F-11D3-BF4B-00C04F79EFBC}") = "09 装饰器模式", "09 装饰器模式\09 装饰器模式.csproj", "{D1A35966-B11C-4FE0-BB49-486559659F6F}"
EndProject
Project("{FAE04EC0-301F-11D3-BF4B-00C04F79EFBC}") = "10 享元模式", "10 享元模式\10 享元模式.csproj", "{78FC6287-B30D-40C1-AE80-6FA9FBFFAD4D}"
EndProject
Project("{FAE04EC0-301F-11D3-BF4B-00C04F79EFBC}") = "11 代理模式", "11 代理模式\11 代理模式.csproj", "{B068A5FF-6F3C-4776-9F2E-D43CD717AAF3}"
EndProject
Project("{FAE04EC0-301F-11D3-BF4B-00C04F79EFBC}") = "12 观察者模式", "12 观察者模式\12 观察者模式.csproj", "{C0A887B2-A9B7-499D-965D-0A180682AE3B}"
EndProject
Project("{FAE04EC0-301F-11D3-BF4B-00C04F79EFBC}") = "13 组合模式", "13 组合模式\13 组合模式.csproj", "{0F0E5F3F-3E2A-4AD5-985E-7E291CE3F860}"
EndProject
Project("{FAE04EC0-301F-11D3-BF4B-00C04F79EFBC}") = "15 命令模式", "15 命令模式\15 命令模式.csproj", "{AD1E5DF8-2806-4E21-8459-AEF99FB77DD2}"
EndProject
Project("{FAE04EC0-301F-11D3-BF4B-00C04F79EFBC}") = "16 迭代器模式", "16 迭代器模式\16 迭代器模式.csproj", "{4F08B3DF-98DF-44F9-B04F-305D5DE92C87}"
EndProject
Project("{FAE04EC0-301F-11D3-BF4B-00C04F79EFBC}") = "17 中介者模式", "17 中介者模式\17 中介者模式.csproj", "{1035BDE0-A60B-4700-8654-2253B788A421}"
EndProject
Project("{FAE04EC0-301F-11D3-BF4B-00C04F79EFBC}") = "18 状态者模式", "18 状态者模式\18 状态者模式.csproj", "{A7867CA3-1DA1-48F9-A48F-D59752583BF4}"
EndProject
Project("{FAE04EC0-301F-11D3-BF4B-00C04F79EFBC}") = "19 策略模式", "19 策略模式\19 策略模式.csproj", "{603EFC59-082C-4988-A14F-DBDB974358A6}"
EndProject
Project("{FAE04EC0-301F-11D3-BF4B-00C04F79EFBC}") = "20 责任链模式", "20 责任链模式\20 责任链模式.csproj", "{70A9D617-D6D3-41AB-957E-5A03CEC64131}"
EndProject
Project("{FAE04EC0-301F-11D3-BF4B-00C04F79EFBC}") = "21 访问者模式", "21 访问者模式\21 访问者模式.csproj", "{2D533F5B-AFB2-4125-AC16-067AD9F566CF}"
EndProject
Project("{FAE04EC0-301F-11D3-BF4B-00C04F79EFBC}") = "22 备忘录模式", "22 备忘录模式\22 备忘录模式.csproj", "{1F88509B-4DE9-48FB-8746-D844A80BBECA}"
EndProject
Project("{2150E333-8FDC-42A3-9474-1A3956D46DE8}") = "创建型模式", "创建型模式", "{15B1B727-E0EC-4614-98CE-EBB7E99461D3}"
EndProject
Project("{2150E333-8FDC-42A3-9474-1A3956D46DE8}") = "结构型模式", "结构型模式", "{676B6560-3CEB-41FA-A810-3677D8E48C42}"
EndProject
Project("{2150E333-8FDC-42A3-9474-1A3956D46DE8}") = "行为模式", "行为模式", "{DCCDC88A-277B-401B-8697-100213BA51D5}"
EndProject
Project("{9A19103F-16F7-4668-BE54-9A1E7A4F7556}") = "XUnitTestProject1", "XUnitTestProject1\XUnitTestProject1.csproj", "{1AD312E9-D43E-41FD-8FCA-D9D292E209A4}"
EndProject
Project("{9A19103F-16F7-4668-BE54-9A1E7A4F7556}") = "23 外观模式", "23 外观模式\23 外观模式.csproj", "{CB10AE8C-340F-45AC-9080-8C3823E7EE40}"
EndProject
Project("{2150E333-8FDC-42A3-9474-1A3956D46DE8}") = "Solution Items", "Solution Items", "{19B5A23A-BC55-4AC8-AC26-A6FB6687310A}"
	ProjectSection(SolutionItems) = preProject
		readme.txt = readme.txt
	EndProjectSection
EndProject
Project("{2150E333-8FDC-42A3-9474-1A3956D46DE8}") = "模式的模式", "模式的模式", "{9149C320-232A-4187-8B9D-6C0ED68ACFF0}"
EndProject
Project("{FAE04EC0-301F-11D3-BF4B-00C04F79EFBC}") = "联系多个模式的组合", "联系多个模式的组合\联系多个模式的组合.csproj", "{D30D0D6C-669F-4F9C-90DE-BBC2412BFC5D}"
EndProject
Global
	GlobalSection(SolutionConfigurationPlatforms) = preSolution
		Debug|Any CPU = Debug|Any CPU
		Release|Any CPU = Release|Any CPU
	EndGlobalSection
	GlobalSection(ProjectConfigurationPlatforms) = postSolution
		{3D621755-8641-4D0E-BBF9-049F7A5B5702}.Debug|Any CPU.ActiveCfg = Debug|Any CPU
		{3D621755-8641-4D0E-BBF9-049F7A5B5702}.Debug|Any CPU.Build.0 = Debug|Any CPU
		{3D621755-8641-4D0E-BBF9-049F7A5B5702}.Release|Any CPU.ActiveCfg = Release|Any CPU
		{3D621755-8641-4D0E-BBF9-049F7A5B5702}.Release|Any CPU.Build.0 = Release|Any CPU
		{9D9410D8-0D38-4FA9-BE65-AF3DD76785EA}.Debug|Any CPU.ActiveCfg = Debug|Any CPU
		{9D9410D8-0D38-4FA9-BE65-AF3DD76785EA}.Debug|Any CPU.Build.0 = Debug|Any CPU
		{9D9410D8-0D38-4FA9-BE65-AF3DD76785EA}.Release|Any CPU.ActiveCfg = Release|Any CPU
		{9D9410D8-0D38-4FA9-BE65-AF3DD76785EA}.Release|Any CPU.Build.0 = Release|Any CPU
		{2057572A-26AF-4A1B-BA8F-731A5C7B5BF5}.Debug|Any CPU.ActiveCfg = Debug|Any CPU
		{2057572A-26AF-4A1B-BA8F-731A5C7B5BF5}.Debug|Any CPU.Build.0 = Debug|Any CPU
		{2057572A-26AF-4A1B-BA8F-731A5C7B5BF5}.Release|Any CPU.ActiveCfg = Release|Any CPU
		{2057572A-26AF-4A1B-BA8F-731A5C7B5BF5}.Release|Any CPU.Build.0 = Release|Any CPU
		{C6CE1CB5-745A-41D9-9F0F-5891D58F9D49}.Debug|Any CPU.ActiveCfg = Debug|Any CPU
		{C6CE1CB5-745A-41D9-9F0F-5891D58F9D49}.Debug|Any CPU.Build.0 = Debug|Any CPU
		{C6CE1CB5-745A-41D9-9F0F-5891D58F9D49}.Release|Any CPU.ActiveCfg = Release|Any CPU
		{C6CE1CB5-745A-41D9-9F0F-5891D58F9D49}.Release|Any CPU.Build.0 = Release|Any CPU
		{B495A5A5-8BCD-4E4B-BB4A-4B3E7AB0FD51}.Debug|Any CPU.ActiveCfg = Debug|Any CPU
		{B495A5A5-8BCD-4E4B-BB4A-4B3E7AB0FD51}.Debug|Any CPU.Build.0 = Debug|Any CPU
		{B495A5A5-8BCD-4E4B-BB4A-4B3E7AB0FD51}.Release|Any CPU.ActiveCfg = Release|Any CPU
		{B495A5A5-8BCD-4E4B-BB4A-4B3E7AB0FD51}.Release|Any CPU.Build.0 = Release|Any CPU
		{35B8D8C9-F491-4715-8DBC-41A9570474AB}.Debug|Any CPU.ActiveCfg = Debug|Any CPU
		{35B8D8C9-F491-4715-8DBC-41A9570474AB}.Debug|Any CPU.Build.0 = Debug|Any CPU
		{35B8D8C9-F491-4715-8DBC-41A9570474AB}.Release|Any CPU.ActiveCfg = Release|Any CPU
		{35B8D8C9-F491-4715-8DBC-41A9570474AB}.Release|Any CPU.Build.0 = Release|Any CPU
		{2B509FD0-D934-46F0-8747-1D298E9EE255}.Debug|Any CPU.ActiveCfg = Debug|Any CPU
		{2B509FD0-D934-46F0-8747-1D298E9EE255}.Debug|Any CPU.Build.0 = Debug|Any CPU
		{2B509FD0-D934-46F0-8747-1D298E9EE255}.Release|Any CPU.ActiveCfg = Release|Any CPU
		{2B509FD0-D934-46F0-8747-1D298E9EE255}.Release|Any CPU.Build.0 = Release|Any CPU
		{89F5A438-81A9-4F5F-8688-6DAB15021FE3}.Debug|Any CPU.ActiveCfg = Debug|Any CPU
		{89F5A438-81A9-4F5F-8688-6DAB15021FE3}.Debug|Any CPU.Build.0 = Debug|Any CPU
		{89F5A438-81A9-4F5F-8688-6DAB15021FE3}.Release|Any CPU.ActiveCfg = Release|Any CPU
		{89F5A438-81A9-4F5F-8688-6DAB15021FE3}.Release|Any CPU.Build.0 = Release|Any CPU
		{05A14A1F-C6B1-4E2C-81B8-1D1A247E4932}.Debug|Any CPU.ActiveCfg = Debug|Any CPU
		{05A14A1F-C6B1-4E2C-81B8-1D1A247E4932}.Debug|Any CPU.Build.0 = Debug|Any CPU
		{05A14A1F-C6B1-4E2C-81B8-1D1A247E4932}.Release|Any CPU.ActiveCfg = Release|Any CPU
		{05A14A1F-C6B1-4E2C-81B8-1D1A247E4932}.Release|Any CPU.Build.0 = Release|Any CPU
		{D1A35966-B11C-4FE0-BB49-486559659F6F}.Debug|Any CPU.ActiveCfg = Debug|Any CPU
		{D1A35966-B11C-4FE0-BB49-486559659F6F}.Debug|Any CPU.Build.0 = Debug|Any CPU
		{D1A35966-B11C-4FE0-BB49-486559659F6F}.Release|Any CPU.ActiveCfg = Release|Any CPU
		{D1A35966-B11C-4FE0-BB49-486559659F6F}.Release|Any CPU.Build.0 = Release|Any CPU
		{78FC6287-B30D-40C1-AE80-6FA9FBFFAD4D}.Debug|Any CPU.ActiveCfg = Debug|Any CPU
		{78FC6287-B30D-40C1-AE80-6FA9FBFFAD4D}.Debug|Any CPU.Build.0 = Debug|Any CPU
		{78FC6287-B30D-40C1-AE80-6FA9FBFFAD4D}.Release|Any CPU.ActiveCfg = Release|Any CPU
		{78FC6287-B30D-40C1-AE80-6FA9FBFFAD4D}.Release|Any CPU.Build.0 = Release|Any CPU
		{B068A5FF-6F3C-4776-9F2E-D43CD717AAF3}.Debug|Any CPU.ActiveCfg = Debug|Any CPU
		{B068A5FF-6F3C-4776-9F2E-D43CD717AAF3}.Debug|Any CPU.Build.0 = Debug|Any CPU
		{B068A5FF-6F3C-4776-9F2E-D43CD717AAF3}.Release|Any CPU.ActiveCfg = Release|Any CPU
		{B068A5FF-6F3C-4776-9F2E-D43CD717AAF3}.Release|Any CPU.Build.0 = Release|Any CPU
		{C0A887B2-A9B7-499D-965D-0A180682AE3B}.Debug|Any CPU.ActiveCfg = Debug|Any CPU
		{C0A887B2-A9B7-499D-965D-0A180682AE3B}.Debug|Any CPU.Build.0 = Debug|Any CPU
		{C0A887B2-A9B7-499D-965D-0A180682AE3B}.Release|Any CPU.ActiveCfg = Release|Any CPU
		{C0A887B2-A9B7-499D-965D-0A180682AE3B}.Release|Any CPU.Build.0 = Release|Any CPU
		{0F0E5F3F-3E2A-4AD5-985E-7E291CE3F860}.Debug|Any CPU.ActiveCfg = Debug|Any CPU
		{0F0E5F3F-3E2A-4AD5-985E-7E291CE3F860}.Debug|Any CPU.Build.0 = Debug|Any CPU
		{0F0E5F3F-3E2A-4AD5-985E-7E291CE3F860}.Release|Any CPU.ActiveCfg = Release|Any CPU
		{0F0E5F3F-3E2A-4AD5-985E-7E291CE3F860}.Release|Any CPU.Build.0 = Release|Any CPU
		{AD1E5DF8-2806-4E21-8459-AEF99FB77DD2}.Debug|Any CPU.ActiveCfg = Debug|Any CPU
		{AD1E5DF8-2806-4E21-8459-AEF99FB77DD2}.Debug|Any CPU.Build.0 = Debug|Any CPU
		{AD1E5DF8-2806-4E21-8459-AEF99FB77DD2}.Release|Any CPU.ActiveCfg = Release|Any CPU
		{AD1E5DF8-2806-4E21-8459-AEF99FB77DD2}.Release|Any CPU.Build.0 = Release|Any CPU
		{4F08B3DF-98DF-44F9-B04F-305D5DE92C87}.Debug|Any CPU.ActiveCfg = Debug|Any CPU
		{4F08B3DF-98DF-44F9-B04F-305D5DE92C87}.Debug|Any CPU.Build.0 = Debug|Any CPU
		{4F08B3DF-98DF-44F9-B04F-305D5DE92C87}.Release|Any CPU.ActiveCfg = Release|Any CPU
		{4F08B3DF-98DF-44F9-B04F-305D5DE92C87}.Release|Any CPU.Build.0 = Release|Any CPU
		{1035BDE0-A60B-4700-8654-2253B788A421}.Debug|Any CPU.ActiveCfg = Debug|Any CPU
		{1035BDE0-A60B-4700-8654-2253B788A421}.Debug|Any CPU.Build.0 = Debug|Any CPU
		{1035BDE0-A60B-4700-8654-2253B788A421}.Release|Any CPU.ActiveCfg = Release|Any CPU
		{1035BDE0-A60B-4700-8654-2253B788A421}.Release|Any CPU.Build.0 = Release|Any CPU
		{A7867CA3-1DA1-48F9-A48F-D59752583BF4}.Debug|Any CPU.ActiveCfg = Debug|Any CPU
		{A7867CA3-1DA1-48F9-A48F-D59752583BF4}.Debug|Any CPU.Build.0 = Debug|Any CPU
		{A7867CA3-1DA1-48F9-A48F-D59752583BF4}.Release|Any CPU.ActiveCfg = Release|Any CPU
		{A7867CA3-1DA1-48F9-A48F-D59752583BF4}.Release|Any CPU.Build.0 = Release|Any CPU
		{603EFC59-082C-4988-A14F-DBDB974358A6}.Debug|Any CPU.ActiveCfg = Debug|Any CPU
		{603EFC59-082C-4988-A14F-DBDB974358A6}.Debug|Any CPU.Build.0 = Debug|Any CPU
		{603EFC59-082C-4988-A14F-DBDB974358A6}.Release|Any CPU.ActiveCfg = Release|Any CPU
		{603EFC59-082C-4988-A14F-DBDB974358A6}.Release|Any CPU.Build.0 = Release|Any CPU
		{70A9D617-D6D3-41AB-957E-5A03CEC64131}.Debug|Any CPU.ActiveCfg = Debug|Any CPU
		{70A9D617-D6D3-41AB-957E-5A03CEC64131}.Debug|Any CPU.Build.0 = Debug|Any CPU
		{70A9D617-D6D3-41AB-957E-5A03CEC64131}.Release|Any CPU.ActiveCfg = Release|Any CPU
		{70A9D617-D6D3-41AB-957E-5A03CEC64131}.Release|Any CPU.Build.0 = Release|Any CPU
		{2D533F5B-AFB2-4125-AC16-067AD9F566CF}.Debug|Any CPU.ActiveCfg = Debug|Any CPU
		{2D533F5B-AFB2-4125-AC16-067AD9F566CF}.Debug|Any CPU.Build.0 = Debug|Any CPU
		{2D533F5B-AFB2-4125-AC16-067AD9F566CF}.Release|Any CPU.ActiveCfg = Release|Any CPU
		{2D533F5B-AFB2-4125-AC16-067AD9F566CF}.Release|Any CPU.Build.0 = Release|Any CPU
		{1F88509B-4DE9-48FB-8746-D844A80BBECA}.Debug|Any CPU.ActiveCfg = Debug|Any CPU
		{1F88509B-4DE9-48FB-8746-D844A80BBECA}.Debug|Any CPU.Build.0 = Debug|Any CPU
		{1F88509B-4DE9-48FB-8746-D844A80BBECA}.Release|Any CPU.ActiveCfg = Release|Any CPU
		{1F88509B-4DE9-48FB-8746-D844A80BBECA}.Release|Any CPU.Build.0 = Release|Any CPU
		{1AD312E9-D43E-41FD-8FCA-D9D292E209A4}.Debug|Any CPU.ActiveCfg = Debug|Any CPU
		{1AD312E9-D43E-41FD-8FCA-D9D292E209A4}.Debug|Any CPU.Build.0 = Debug|Any CPU
		{1AD312E9-D43E-41FD-8FCA-D9D292E209A4}.Release|Any CPU.ActiveCfg = Release|Any CPU
		{1AD312E9-D43E-41FD-8FCA-D9D292E209A4}.Release|Any CPU.Build.0 = Release|Any CPU
		{CB10AE8C-340F-45AC-9080-8C3823E7EE40}.Debug|Any CPU.ActiveCfg = Debug|Any CPU
		{CB10AE8C-340F-45AC-9080-8C3823E7EE40}.Debug|Any CPU.Build.0 = Debug|Any CPU
		{CB10AE8C-340F-45AC-9080-8C3823E7EE40}.Release|Any CPU.ActiveCfg = Release|Any CPU
		{CB10AE8C-340F-45AC-9080-8C3823E7EE40}.Release|Any CPU.Build.0 = Release|Any CPU
		{D30D0D6C-669F-4F9C-90DE-BBC2412BFC5D}.Debug|Any CPU.ActiveCfg = Debug|Any CPU
		{D30D0D6C-669F-4F9C-90DE-BBC2412BFC5D}.Debug|Any CPU.Build.0 = Debug|Any CPU
		{D30D0D6C-669F-4F9C-90DE-BBC2412BFC5D}.Release|Any CPU.ActiveCfg = Release|Any CPU
		{D30D0D6C-669F-4F9C-90DE-BBC2412BFC5D}.Release|Any CPU.Build.0 = Release|Any CPU
	EndGlobalSection
	GlobalSection(SolutionProperties) = preSolution
		HideSolutionNode = FALSE
	EndGlobalSection
	GlobalSection(NestedProjects) = preSolution
		{3D621755-8641-4D0E-BBF9-049F7A5B5702} = {15B1B727-E0EC-4614-98CE-EBB7E99461D3}
		{9D9410D8-0D38-4FA9-BE65-AF3DD76785EA} = {15B1B727-E0EC-4614-98CE-EBB7E99461D3}
		{2057572A-26AF-4A1B-BA8F-731A5C7B5BF5} = {15B1B727-E0EC-4614-98CE-EBB7E99461D3}
		{C6CE1CB5-745A-41D9-9F0F-5891D58F9D49} = {15B1B727-E0EC-4614-98CE-EBB7E99461D3}
		{B495A5A5-8BCD-4E4B-BB4A-4B3E7AB0FD51} = {15B1B727-E0EC-4614-98CE-EBB7E99461D3}
		{35B8D8C9-F491-4715-8DBC-41A9570474AB} = {DCCDC88A-277B-401B-8697-100213BA51D5}
		{2B509FD0-D934-46F0-8747-1D298E9EE255} = {15B1B727-E0EC-4614-98CE-EBB7E99461D3}
		{89F5A438-81A9-4F5F-8688-6DAB15021FE3} = {676B6560-3CEB-41FA-A810-3677D8E48C42}
		{05A14A1F-C6B1-4E2C-81B8-1D1A247E4932} = {676B6560-3CEB-41FA-A810-3677D8E48C42}
		{D1A35966-B11C-4FE0-BB49-486559659F6F} = {676B6560-3CEB-41FA-A810-3677D8E48C42}
		{78FC6287-B30D-40C1-AE80-6FA9FBFFAD4D} = {676B6560-3CEB-41FA-A810-3677D8E48C42}
		{B068A5FF-6F3C-4776-9F2E-D43CD717AAF3} = {676B6560-3CEB-41FA-A810-3677D8E48C42}
		{C0A887B2-A9B7-499D-965D-0A180682AE3B} = {DCCDC88A-277B-401B-8697-100213BA51D5}
		{0F0E5F3F-3E2A-4AD5-985E-7E291CE3F860} = {676B6560-3CEB-41FA-A810-3677D8E48C42}
		{AD1E5DF8-2806-4E21-8459-AEF99FB77DD2} = {DCCDC88A-277B-401B-8697-100213BA51D5}
		{4F08B3DF-98DF-44F9-B04F-305D5DE92C87} = {DCCDC88A-277B-401B-8697-100213BA51D5}
		{1035BDE0-A60B-4700-8654-2253B788A421} = {DCCDC88A-277B-401B-8697-100213BA51D5}
		{A7867CA3-1DA1-48F9-A48F-D59752583BF4} = {DCCDC88A-277B-401B-8697-100213BA51D5}
		{603EFC59-082C-4988-A14F-DBDB974358A6} = {DCCDC88A-277B-401B-8697-100213BA51D5}
		{70A9D617-D6D3-41AB-957E-5A03CEC64131} = {DCCDC88A-277B-401B-8697-100213BA51D5}
		{2D533F5B-AFB2-4125-AC16-067AD9F566CF} = {DCCDC88A-277B-401B-8697-100213BA51D5}
		{1F88509B-4DE9-48FB-8746-D844A80BBECA} = {DCCDC88A-277B-401B-8697-100213BA51D5}
		{CB10AE8C-340F-45AC-9080-8C3823E7EE40} = {676B6560-3CEB-41FA-A810-3677D8E48C42}
		{D30D0D6C-669F-4F9C-90DE-BBC2412BFC5D} = {9149C320-232A-4187-8B9D-6C0ED68ACFF0}
	EndGlobalSection
	GlobalSection(ExtensibilityGlobals) = postSolution
		SolutionGuid = {1C6DFB37-C30A-40A7-9586-C661702A4BBC}
	EndGlobalSection
EndGlobal
